{
  "name": "@ckeditor/ckeditor5-table",
  "version": "23.1.0",
  "lockfileVersion": 1,
  "requires": true,
  "dependencies": {
    "@ckeditor/ckeditor5-alignment": {
      "version": "23.1.0",
      "resolved": "https://registry.npmjs.org/@ckeditor/ckeditor5-alignment/-/ckeditor5-alignment-23.1.0.tgz",
      "integrity": "sha512-Dfi50iwrGKwzEZ5wOsik47foAeYLk5yszWJLDC0cRLVvUt0CamZQs8jRNN173rnkJ0mcJyQwTmBHGi2AKU/T/g==",
      "dev": true,
      "requires": {
        "@ckeditor/ckeditor5-core": "^23.1.0",
        "@ckeditor/ckeditor5-ui": "^23.1.0"
      }
    },
    "@ckeditor/ckeditor5-block-quote": {
      "version": "23.1.0",
      "resolved": "https://registry.npmjs.org/@ckeditor/ckeditor5-block-quote/-/ckeditor5-block-quote-23.1.0.tgz",
      "integrity": "sha512-KEs+dJKjs/nV/6L8Mrr82v2rfmJ/h7FD3jiFFuxp2QnS/tss1aFxAu/hou4OvKFL59O0WI4DA/Z5HDmieKXmUw==",
      "dev": true,
      "requires": {
        "@ckeditor/ckeditor5-core": "^23.1.0",
        "@ckeditor/ckeditor5-ui": "^23.1.0",
        "@ckeditor/ckeditor5-utils": "^23.1.0"
      }
    },
    "@ckeditor/ckeditor5-clipboard": {
      "version": "23.1.0",
      "resolved": "https://registry.npmjs.org/@ckeditor/ckeditor5-clipboard/-/ckeditor5-clipboard-23.1.0.tgz",
      "integrity": "sha512-QpxmOgZOw52dfcNp7kOhH2O4hr1nLb7ka+jCSSzASoBKZ9sR4r/pdi7ApFcrW5Ft5p8kFtWhXJGTUkbyfRrYyA==",
      "dev": true,
      "requires": {
        "@ckeditor/ckeditor5-core": "^23.1.0",
        "@ckeditor/ckeditor5-engine": "^23.1.0",
        "@ckeditor/ckeditor5-utils": "^23.1.0"
      }
    },
    "@ckeditor/ckeditor5-core": {
      "version": "23.1.0",
      "resolved": "https://registry.npmjs.org/@ckeditor/ckeditor5-core/-/ckeditor5-core-23.1.0.tgz",
      "integrity": "sha512-Y+ttPMKbsfdN+V5/lV5vG3cI6Y0pNs8+TygOojw8ZMQqJY5WrVsFQcoz2DzdTKKOn5VJqjE+mHcGjCyk37FeOw==",
      "requires": {
        "@ckeditor/ckeditor5-engine": "^23.1.0",
        "@ckeditor/ckeditor5-utils": "^23.1.0",
        "lodash-es": "^4.17.15"
      }
    },
    "@ckeditor/ckeditor5-editor-classic": {
      "version": "23.1.0",
      "resolved": "https://registry.npmjs.org/@ckeditor/ckeditor5-editor-classic/-/ckeditor5-editor-classic-23.1.0.tgz",
      "integrity": "sha512-GOf/SZHGoDW4yRajGqSkdxayC6MA+RDppGtuhvl/9W92BHSRXgCwPnGHn764otCnUZ8JWg6nvhYiDwqi3OVCFA==",
      "dev": true,
      "requires": {
        "@ckeditor/ckeditor5-core": "^23.1.0",
        "@ckeditor/ckeditor5-engine": "^23.1.0",
        "@ckeditor/ckeditor5-ui": "^23.1.0",
        "@ckeditor/ckeditor5-utils": "^23.1.0",
        "lodash-es": "^4.17.15"
      }
    },
    "@ckeditor/ckeditor5-engine": {
      "version": "23.1.0",
      "resolved": "https://registry.npmjs.org/@ckeditor/ckeditor5-engine/-/ckeditor5-engine-23.1.0.tgz",
      "integrity": "sha512-HOIkiatjq/ByqHVvkaISA0l6Vab8w6gzD1QnjMv3ldgiLMD0jUAHhUZldfpYQ0s2bG+d1l/6w7C76gT8fY4/Jw==",
      "requires": {
        "@ckeditor/ckeditor5-utils": "^23.1.0",
        "lodash-es": "^4.17.15"
      }
    },
    "@ckeditor/ckeditor5-horizontal-line": {
      "version": "23.1.0",
      "resolved": "https://registry.npmjs.org/@ckeditor/ckeditor5-horizontal-line/-/ckeditor5-horizontal-line-23.1.0.tgz",
      "integrity": "sha512-glzyU7IHoV5i39uH1iVWL1zM1kf9748Y4++XgV7ZfoPyK5kh2TPwNY4doLi8tymrgIAw9geGAEp3ien3/YRghA==",
      "dev": true,
      "requires": {
        "@ckeditor/ckeditor5-core": "^23.1.0",
        "@ckeditor/ckeditor5-ui": "^23.1.0",
        "@ckeditor/ckeditor5-widget": "^23.1.0"
      }
    },
    "@ckeditor/ckeditor5-image": {
      "version": "23.1.0",
      "resolved": "https://registry.npmjs.org/@ckeditor/ckeditor5-image/-/ckeditor5-image-23.1.0.tgz",
      "integrity": "sha512-biCrY7F/ITfCZ1lyBRr483vBpl/jJ9nGUQj+R0lsav7YfHOWFOAJCTvr7NgsP1XU/bkwEQhIjSUlSL6smg2Tgw==",
      "dev": true,
      "requires": {
        "@ckeditor/ckeditor5-clipboard": "^23.1.0",
        "@ckeditor/ckeditor5-core": "^23.1.0",
        "@ckeditor/ckeditor5-engine": "^23.1.0",
        "@ckeditor/ckeditor5-ui": "^23.1.0",
        "@ckeditor/ckeditor5-upload": "^23.1.0",
        "@ckeditor/ckeditor5-utils": "^23.1.0",
        "@ckeditor/ckeditor5-widget": "^23.1.0"
      }
    },
    "@ckeditor/ckeditor5-indent": {
      "version": "23.1.0",
      "resolved": "https://registry.npmjs.org/@ckeditor/ckeditor5-indent/-/ckeditor5-indent-23.1.0.tgz",
      "integrity": "sha512-dpGXW4UUbX8hXZpavDSkHtAQiDsnzDPmVYReIH6NMnO4aV5sRIKxhg8fBEXk4REApxqaYd79ckiFY0zz5o+Hmg==",
      "dev": true,
      "requires": {
        "@ckeditor/ckeditor5-core": "^23.1.0",
        "@ckeditor/ckeditor5-utils": "^23.1.0"
      }
    },
    "@ckeditor/ckeditor5-list": {
      "version": "23.1.0",
      "resolved": "https://registry.npmjs.org/@ckeditor/ckeditor5-list/-/ckeditor5-list-23.1.0.tgz",
      "integrity": "sha512-i3AVKaJR7EdF5NN2QvJBDSPqL6MWhjtBY0f09kcqYSPuTN3BekFV2J+16eZker+f2F/9QHcJji7vMr3RpOC+5w==",
      "dev": true,
      "requires": {
        "@ckeditor/ckeditor5-core": "^23.1.0",
        "@ckeditor/ckeditor5-engine": "^23.1.0",
        "@ckeditor/ckeditor5-paragraph": "^23.1.0",
        "@ckeditor/ckeditor5-ui": "^23.1.0",
        "@ckeditor/ckeditor5-utils": "^23.1.0"
      }
    },
    "@ckeditor/ckeditor5-media-embed": {
      "version": "23.1.0",
      "resolved": "https://registry.npmjs.org/@ckeditor/ckeditor5-media-embed/-/ckeditor5-media-embed-23.1.0.tgz",
      "integrity": "sha512-vaXI0igaGcTSF8K+tYAiBT/3H+PONq4b45pUdC2o/+GkPnn4s23OY4rlREdbOTM1V22esEH5Cqbg3UjsRFpeyg==",
      "dev": true,
      "requires": {
        "@ckeditor/ckeditor5-clipboard": "^23.1.0",
        "@ckeditor/ckeditor5-core": "^23.1.0",
        "@ckeditor/ckeditor5-engine": "^23.1.0",
        "@ckeditor/ckeditor5-image": "^23.1.0",
        "@ckeditor/ckeditor5-ui": "^23.1.0",
        "@ckeditor/ckeditor5-undo": "^23.1.0",
        "@ckeditor/ckeditor5-utils": "^23.1.0",
        "@ckeditor/ckeditor5-widget": "^23.1.0"
      }
    },
    "@ckeditor/ckeditor5-paragraph": {
      "version": "23.1.0",
      "resolved": "https://registry.npmjs.org/@ckeditor/ckeditor5-paragraph/-/ckeditor5-paragraph-23.1.0.tgz",
      "integrity": "sha512-Nd70I64xUPYZFNWNpIqKpCBV/R2rza4sDy14N9TlIUWqlfnoXQ27eAq7pUqR0i0yeO+sOjxYolqj+TRtKJwHPg==",
      "dev": true,
      "requires": {
        "@ckeditor/ckeditor5-core": "^23.1.0",
        "@ckeditor/ckeditor5-ui": "^23.1.0",
        "@ckeditor/ckeditor5-utils": "^23.1.0"
      }
    },
    "@ckeditor/ckeditor5-typing": {
      "version": "23.1.0",
      "resolved": "https://registry.npmjs.org/@ckeditor/ckeditor5-typing/-/ckeditor5-typing-23.1.0.tgz",
      "integrity": "sha512-LmM+XgOx+zjPgs0XjbNLQlgvB5hkoFGF/Z4OFpgWoP0/8iTwGJdg/L38dE6tN5nElmRj2+3RJ/cLe4XLzvHpAQ==",
      "requires": {
        "@ckeditor/ckeditor5-core": "^23.1.0",
        "@ckeditor/ckeditor5-engine": "^23.1.0",
        "@ckeditor/ckeditor5-utils": "^23.1.0",
        "lodash-es": "^4.17.15"
      }
    },
    "@ckeditor/ckeditor5-ui": {
      "version": "23.1.0",
      "resolved": "https://registry.npmjs.org/@ckeditor/ckeditor5-ui/-/ckeditor5-ui-23.1.0.tgz",
      "integrity": "sha512-Rw1mnp4D5SwuCHTnDhTnKzXgQbUzZHpXlce6Zf72Iw6ZfwDn2SlanIp8OKM8hYUAkoHHKLDx2QfXgHEiShC7CA==",
      "requires": {
        "@ckeditor/ckeditor5-core": "^23.1.0",
        "@ckeditor/ckeditor5-utils": "^23.1.0",
        "lodash-es": "^4.17.15"
      }
    },
    "@ckeditor/ckeditor5-undo": {
      "version": "23.1.0",
      "resolved": "https://registry.npmjs.org/@ckeditor/ckeditor5-undo/-/ckeditor5-undo-23.1.0.tgz",
      "integrity": "sha512-XludwOzl47Aje/K+u1RKsOWsccA2B2xSe2ujK6b1gWiLGfJuJXi0mqNQ2j004TyLgOLejrKZ09TffYiIADjt7w==",
      "dev": true,
      "requires": {
        "@ckeditor/ckeditor5-core": "^23.1.0",
        "@ckeditor/ckeditor5-engine": "^23.1.0",
        "@ckeditor/ckeditor5-ui": "^23.1.0"
      }
    },
    "@ckeditor/ckeditor5-upload": {
      "version": "23.1.0",
      "resolved": "https://registry.npmjs.org/@ckeditor/ckeditor5-upload/-/ckeditor5-upload-23.1.0.tgz",
      "integrity": "sha512-aufToBRsDc0Bp60zdqWQepGYyKk61Vxv8jB/KWnWvpaigiURGenJberZF0gRalW9CZpmC8uj7CvcIm5TLobEfw==",
      "dev": true,
      "requires": {
        "@ckeditor/ckeditor5-core": "^23.1.0",
        "@ckeditor/ckeditor5-ui": "^23.1.0",
        "@ckeditor/ckeditor5-utils": "^23.1.0"
      }
    },
    "@ckeditor/ckeditor5-utils": {
      "version": "23.1.0",
      "resolved": "https://registry.npmjs.org/@ckeditor/ckeditor5-utils/-/ckeditor5-utils-23.1.0.tgz",
      "integrity": "sha512-hbAIQQrUFZZGGsEG07Em2iH216Y7NWIhY60HqOT94wwnn/F5ZE3zRWU+KsAR1Cn2U0uOEBkYP9qIFlGRzPo7Vg==",
      "requires": {
        "lodash-es": "^4.17.15"
      }
    },
    "@ckeditor/ckeditor5-widget": {
      "version": "23.1.0",
      "resolved": "https://registry.npmjs.org/@ckeditor/ckeditor5-widget/-/ckeditor5-widget-23.1.0.tgz",
      "integrity": "sha512-+9c+QhA9zmd14bhBr/z88T2bQbpEfAjVqeQgqL1+Y/GXIRtZ8XGnnlvo6sF80wIwkTI+5KfYEb4h1hDzmnGS6A==",
      "requires": {
        "@ckeditor/ckeditor5-core": "^23.1.0",
        "@ckeditor/ckeditor5-engine": "^23.1.0",
        "@ckeditor/ckeditor5-typing": "^23.1.0",
        "@ckeditor/ckeditor5-ui": "^23.1.0",
        "@ckeditor/ckeditor5-utils": "^23.1.0",
        "lodash-es": "^4.17.15"
      }
    },
    "cli-color": {
      "version": "0.1.7",
      "resolved": "https://registry.npmjs.org/cli-color/-/cli-color-0.1.7.tgz",
      "integrity": "sha1-rcMgD6RxzCEbDaf1ZrcemLnWc0c=",
      "dev": true,
      "requires": {
        "es5-ext": "0.8.x"
      }
    },
    "difflib": {
      "version": "0.2.4",
      "resolved": "https://registry.npmjs.org/difflib/-/difflib-0.2.4.tgz",
      "integrity": "sha1-teMDYabbAjF21WKJLbhZQKcY9H4=",
      "dev": true,
      "requires": {
        "heap": ">= 0.2.0"
      }
    },
    "dreamopt": {
      "version": "0.6.0",
      "resolved": "https://registry.npmjs.org/dreamopt/-/dreamopt-0.6.0.tgz",
      "integrity": "sha1-2BPM2sjTnYrVJndVFKE92mZNa0s=",
      "dev": true,
      "requires": {
        "wordwrap": ">=0.0.2"
      }
    },
    "es5-ext": {
      "version": "0.8.2",
      "resolved": "https://registry.npmjs.org/es5-ext/-/es5-ext-0.8.2.tgz",
      "integrity": "sha1-q6jZ4ZQ6iVrJaDemKjmz9V7NlKs=",
      "dev": true
    },
    "heap": {
      "version": "0.2.6",
      "resolved": "https://registry.npmjs.org/heap/-/heap-0.2.6.tgz",
      "integrity": "sha1-CH4fELBGky/IWU3Z5tN4r8nR5aw=",
      "dev": true
    },
    "json-diff": {
      "version": "0.5.4",
      "resolved": "https://registry.npmjs.org/json-diff/-/json-diff-0.5.4.tgz",
      "integrity": "sha512-q5Xmx9QXNOzOzIlMoYtLrLiu4Jl/Ce2bn0CNcv54PhyH89CI4GWlGVDye8ei2Ijt9R3U+vsWPsXpLUNob8bs8Q==",
      "dev": true,
      "requires": {
        "cli-color": "~0.1.6",
        "difflib": "~0.2.1",
        "dreamopt": "~0.6.0"
      }
    },
    "lodash-es": {
      "version": "4.17.15",
      "resolved": "https://registry.npmjs.org/lodash-es/-/lodash-es-4.17.15.tgz",
      "integrity": "sha512-rlrc3yU3+JNOpZ9zj5pQtxnx2THmvRykwL4Xlxoa8I9lHBlVbbyPhgyPMioxVZ4NqyxaVVtaJnzsyOidQIhyyQ=="
    },
    "wordwrap": {
      "version": "1.0.0",
      "resolved": "https://registry.npmjs.org/wordwrap/-/wordwrap-1.0.0.tgz",
      "integrity": "sha1-J1hIEIkUVqQXHI0CJkQa3pDLyus=",
      "dev": true
    }
  }
}
